
Microsoft Visual Studio Solution File, Format Version 9.00
# Visual C++ Express 2005
Project("{8BC9CEB8-8B4A-11D0-8D11-00A0C91BC942}") = "okai_p2pchat", "okai_p2pchat.vcproj", "{49EC688C-FC5A-493D-BEEE-30D8134F7457}"
EndProject
Global
	GlobalSection(SolutionConfigurationPlatforms) = preSolution
		Release|Win32 = Release|Win32
	EndGlobalSection
	GlobalSection(ProjectConfigurationPlatforms) = postSolution
		{49EC688C-FC5A-493D-BEEE-30D8134F7457}.Release|Win32.ActiveCfg = Release|Win32
		{49EC688C-FC5A-493D-BEEE-30D8134F7457}.Release|Win32.Build.0 = Release|Win32
	EndGlobalSection
	GlobalSection(SolutionProperties) = preSolution
		HideSolutionNode = FALSE
	EndGlobalSection
EndGlobal
